
Microsoft Visual Studio Solution File, Format Version 12.00
# Visual Studio Version 17
VisualStudioVersion = 17.0.31903.59
MinimumVisualStudioVersion = 10.0.40219.1
Project("{2150E333-8FDC-42A3-9474-1A3956D46DE8}") = "Domain", "Domain", "{C9E30366-F25B-4AD4-83E8-820FDBEFDA5E}"
EndProject
Project("{FAE04EC0-301F-11D3-BF4B-00C04F79EFBC}") = "Domain.Entities", "Domain\Domain.Entities\Domain.Entities.csproj", "{84BADBDB-0493-4527-AD62-0A7FA917EF0B}"
EndProject
Project("{FAE04EC0-301F-11D3-BF4B-00C04F79EFBC}") = "Domain.Interfaces", "Domain\Domain.Interfaces\Domain.Interfaces.csproj", "{62EA0120-42AD-4398-9DC1-6ED7E592D395}"
EndProject
Project("{2150E333-8FDC-42A3-9474-1A3956D46DE8}") = "Infrastructure", "Infrastructure", "{8F2E169D-D0C7-4464-9FF0-DCD9CC36CAA9}"
EndProject
Project("{FAE04EC0-301F-11D3-BF4B-00C04F79EFBC}") = "Infrastructure.Repositories", "Infrastructure\Infrastructure.Repositories\Infrastructure.Repositories.csproj", "{DDF22E9B-A8D8-48D5-9D00-E7A103BDD5FF}"
EndProject
Project("{FAE04EC0-301F-11D3-BF4B-00C04F79EFBC}") = "Infrastructure.Repositories.Interfaces", "Infrastructure\Infrastructure.Repositories.Interfaces\Infrastructure.Repositories.Interfaces.csproj", "{2BDB06C4-F7E7-4339-8E7F-D4BBFEF11D4E}"
EndProject
Project("{2150E333-8FDC-42A3-9474-1A3956D46DE8}") = "Service", "Service", "{64EEDFC6-4C28-4A9E-B4E3-65AAFCEB0D5E}"
EndProject
Project("{FAE04EC0-301F-11D3-BF4B-00C04F79EFBC}") = "Service.Interfaces", "Service\Service.Interfaces\Service.Interfaces.csproj", "{7A2A21DE-D28B-483B-BBEF-25D158D76A16}"
EndProject
Project("{FAE04EC0-301F-11D3-BF4B-00C04F79EFBC}") = "Service.Services", "Service\Service.Services\Service.Services.csproj", "{DB4905EA-E96E-4113-A896-4A806E97C9CB}"
EndProject
Project("{2150E333-8FDC-42A3-9474-1A3956D46DE8}") = "UI", "UI", "{F0DE80B5-9B5E-488A-8B58-8221EA63FE7F}"
EndProject
Project("{FAE04EC0-301F-11D3-BF4B-00C04F79EFBC}") = "PMSWebApplication", "UI\PMSWebApplication\PMSWebApplication.csproj", "{3A99CBDA-F6C4-426C-A6C3-C8B530A7EE86}"
EndProject
Global
	GlobalSection(SolutionConfigurationPlatforms) = preSolution
		Debug|Any CPU = Debug|Any CPU
		Release|Any CPU = Release|Any CPU
	EndGlobalSection
	GlobalSection(SolutionProperties) = preSolution
		HideSolutionNode = FALSE
	EndGlobalSection
	GlobalSection(ProjectConfigurationPlatforms) = postSolution
		{84BADBDB-0493-4527-AD62-0A7FA917EF0B}.Debug|Any CPU.ActiveCfg = Debug|Any CPU
		{84BADBDB-0493-4527-AD62-0A7FA917EF0B}.Debug|Any CPU.Build.0 = Debug|Any CPU
		{84BADBDB-0493-4527-AD62-0A7FA917EF0B}.Release|Any CPU.ActiveCfg = Release|Any CPU
		{84BADBDB-0493-4527-AD62-0A7FA917EF0B}.Release|Any CPU.Build.0 = Release|Any CPU
		{62EA0120-42AD-4398-9DC1-6ED7E592D395}.Debug|Any CPU.ActiveCfg = Debug|Any CPU
		{62EA0120-42AD-4398-9DC1-6ED7E592D395}.Debug|Any CPU.Build.0 = Debug|Any CPU
		{62EA0120-42AD-4398-9DC1-6ED7E592D395}.Release|Any CPU.ActiveCfg = Release|Any CPU
		{62EA0120-42AD-4398-9DC1-6ED7E592D395}.Release|Any CPU.Build.0 = Release|Any CPU
		{DDF22E9B-A8D8-48D5-9D00-E7A103BDD5FF}.Debug|Any CPU.ActiveCfg = Debug|Any CPU
		{DDF22E9B-A8D8-48D5-9D00-E7A103BDD5FF}.Debug|Any CPU.Build.0 = Debug|Any CPU
		{DDF22E9B-A8D8-48D5-9D00-E7A103BDD5FF}.Release|Any CPU.ActiveCfg = Release|Any CPU
		{DDF22E9B-A8D8-48D5-9D00-E7A103BDD5FF}.Release|Any CPU.Build.0 = Release|Any CPU
		{2BDB06C4-F7E7-4339-8E7F-D4BBFEF11D4E}.Debug|Any CPU.ActiveCfg = Debug|Any CPU
		{2BDB06C4-F7E7-4339-8E7F-D4BBFEF11D4E}.Debug|Any CPU.Build.0 = Debug|Any CPU
		{2BDB06C4-F7E7-4339-8E7F-D4BBFEF11D4E}.Release|Any CPU.ActiveCfg = Release|Any CPU
		{2BDB06C4-F7E7-4339-8E7F-D4BBFEF11D4E}.Release|Any CPU.Build.0 = Release|Any CPU
		{7A2A21DE-D28B-483B-BBEF-25D158D76A16}.Debug|Any CPU.ActiveCfg = Debug|Any CPU
		{7A2A21DE-D28B-483B-BBEF-25D158D76A16}.Debug|Any CPU.Build.0 = Debug|Any CPU
		{7A2A21DE-D28B-483B-BBEF-25D158D76A16}.Release|Any CPU.ActiveCfg = Release|Any CPU
		{7A2A21DE-D28B-483B-BBEF-25D158D76A16}.Release|Any CPU.Build.0 = Release|Any CPU
		{DB4905EA-E96E-4113-A896-4A806E97C9CB}.Debug|Any CPU.ActiveCfg = Debug|Any CPU
		{DB4905EA-E96E-4113-A896-4A806E97C9CB}.Debug|Any CPU.Build.0 = Debug|Any CPU
		{DB4905EA-E96E-4113-A896-4A806E97C9CB}.Release|Any CPU.ActiveCfg = Release|Any CPU
		{DB4905EA-E96E-4113-A896-4A806E97C9CB}.Release|Any CPU.Build.0 = Release|Any CPU
		{3A99CBDA-F6C4-426C-A6C3-C8B530A7EE86}.Debug|Any CPU.ActiveCfg = Debug|Any CPU
		{3A99CBDA-F6C4-426C-A6C3-C8B530A7EE86}.Debug|Any CPU.Build.0 = Debug|Any CPU
		{3A99CBDA-F6C4-426C-A6C3-C8B530A7EE86}.Release|Any CPU.ActiveCfg = Release|Any CPU
		{3A99CBDA-F6C4-426C-A6C3-C8B530A7EE86}.Release|Any CPU.Build.0 = Release|Any CPU
	EndGlobalSection
	GlobalSection(NestedProjects) = preSolution
		{84BADBDB-0493-4527-AD62-0A7FA917EF0B} = {C9E30366-F25B-4AD4-83E8-820FDBEFDA5E}
		{62EA0120-42AD-4398-9DC1-6ED7E592D395} = {C9E30366-F25B-4AD4-83E8-820FDBEFDA5E}
		{DDF22E9B-A8D8-48D5-9D00-E7A103BDD5FF} = {8F2E169D-D0C7-4464-9FF0-DCD9CC36CAA9}
		{2BDB06C4-F7E7-4339-8E7F-D4BBFEF11D4E} = {8F2E169D-D0C7-4464-9FF0-DCD9CC36CAA9}
		{7A2A21DE-D28B-483B-BBEF-25D158D76A16} = {64EEDFC6-4C28-4A9E-B4E3-65AAFCEB0D5E}
		{DB4905EA-E96E-4113-A896-4A806E97C9CB} = {64EEDFC6-4C28-4A9E-B4E3-65AAFCEB0D5E}
		{3A99CBDA-F6C4-426C-A6C3-C8B530A7EE86} = {F0DE80B5-9B5E-488A-8B58-8221EA63FE7F}
	EndGlobalSection
EndGlobal
